PODS:
  - AFNetworking (1.2.1)
  - EGOCache (0.0.1)
  - Facebook-iOS-SDK (3.2.1)
  - libextobjc/EXTKeyPathCoding (0.2.5):
    - libextobjc/RuntimeExtensions
  - libextobjc/EXTScope (0.2.5):
    - libextobjc/RuntimeExtensions
  - libextobjc/RuntimeExtensions (0.2.5)
  - Mantle (1.0):
    - libextobjc/EXTKeyPathCoding
    - libextobjc/EXTScope
  - OBConnection (2.2.1):
    - AFNetworking (~> 1.3.0)
    - EGOCache (= 0.0.1)
  - TestFlightSDK (1.2)

DEPENDENCIES:
  - AFNetworking (~> 1.2.0)
  - Facebook-iOS-SDK (= 3.2.1)
  - Mantle (~> 1.0)
  - OBConnection (~> 2.2.1)
  - TestFlightSDK (= 1.2)

SPEC CHECKSUMS:
  AFNetworking: a44069e3c9c89867544f6639482f155c7e5f9b41
  EGOCache: 89663594f8e76c571cab503a2adc6cda10bf586d
  Facebook-iOS-SDK: 514dc0d7d43358999267c88c088e4b5b339b7da1
  libextobjc: 2cbc74caf8bdc74a86fdf24673f773c83424ea98
  Mantle: aa9860e40cc365a094ef60fec46848fee7b03ca7
  OBConnection: f81196c8b5e10f6048d202792111244d9fab1780
  TestFlightSDK: 29e194fb148e4861f92e4c1195b9697e1f3ad19a

COCOAPODS: 0.22.2
